
Microsoft Visual Studio Solution File, Format Version 12.00
# Visual Studio Version 17
VisualStudioVersion = 17.9.34622.214
MinimumVisualStudioVersion = 10.0.40219.1
Project("{FAE04EC0-301F-11D3-BF4B-00C04F79EFBC}") = "FindTheBugs", "FindTheBugs.csproj", "{5F3FA5CD-F58D-4158-B3AA-B1E092A7DE9A}"
EndProject
Global
	GlobalSection(SolutionConfigurationPlatforms) = preSolution
		Debug|Any CPU = Debug|Any CPU
		Release|Any CPU = Release|Any CPU
	EndGlobalSection
	GlobalSection(ProjectConfigurationPlatforms) = postSolution
		{5F3FA5CD-F58D-4158-B3AA-B1E092A7DE9A}.Debug|Any CPU.ActiveCfg = Debug|Any CPU
		{5F3FA5CD-F58D-4158-B3AA-B1E092A7DE9A}.Debug|Any CPU.Build.0 = Debug|Any CPU
		{5F3FA5CD-F58D-4158-B3AA-B1E092A7DE9A}.Release|Any CPU.ActiveCfg = Release|Any CPU
		{5F3FA5CD-F58D-4158-B3AA-B1E092A7DE9A}.Release|Any CPU.Build.0 = Release|Any CPU
	EndGlobalSection
	GlobalSection(SolutionProperties) = preSolution
		HideSolutionNode = FALSE
	EndGlobalSection
	GlobalSection(ExtensibilityGlobals) = postSolution
		SolutionGuid = {BA625599-4572-4DFE-AC04-724952D9192E}
	EndGlobalSection
EndGlobal
